
Microsoft Visual Studio Solution File, Format Version 12.00
# Visual Studio Version 17
VisualStudioVersion = 17.7.34024.191
MinimumVisualStudioVersion = 10.0.40219.1
Project("{8BC9CEB8-8B4A-11D0-8D11-00A0C91BC942}") = "BOJ_14503", "BOJ_14503\BOJ_14503.vcxproj", "{7BD2F408-758D-48EC-9460-F911C81DE0D5}"
EndProject
Global
	GlobalSection(SolutionConfigurationPlatforms) = preSolution
		Debug|x64 = Debug|x64
		Release|x64 = Release|x64
	EndGlobalSection
	GlobalSection(ProjectConfigurationPlatforms) = postSolution
		{7BD2F408-758D-48EC-9460-F911C81DE0D5}.Debug|x64.ActiveCfg = Debug|x64
		{7BD2F408-758D-48EC-9460-F911C81DE0D5}.Debug|x64.Build.0 = Debug|x64
		{7BD2F408-758D-48EC-9460-F911C81DE0D5}.Release|x64.ActiveCfg = Release|x64
		{7BD2F408-758D-48EC-9460-F911C81DE0D5}.Release|x64.Build.0 = Release|x64
	EndGlobalSection
	GlobalSection(SolutionProperties) = preSolution
		HideSolutionNode = FALSE
	EndGlobalSection
	GlobalSection(ExtensibilityGlobals) = postSolution
		SolutionGuid = {A98FFB6A-F2AE-4C10-AA19-DBDCBAA27EEB}
	EndGlobalSection
EndGlobal
